
Microsoft Visual Studio Solution File, Format Version 12.00
# Visual Studio Version 17
VisualStudioVersion = 17.3.32929.385
MinimumVisualStudioVersion = 10.0.40219.1
Project("{FAE04EC0-301F-11D3-BF4B-00C04F79EFBC}") = "DiazSantiago_CourseProject_Part1", "DiazSantiago_CourseProject_Part1.csproj", "{BBABA9E0-2B46-413A-8411-80376B3A0B49}"
EndProject
Global
	GlobalSection(SolutionConfigurationPlatforms) = preSolution
		Debug|Any CPU = Debug|Any CPU
		Release|Any CPU = Release|Any CPU
	EndGlobalSection
	GlobalSection(ProjectConfigurationPlatforms) = postSolution
		{BBABA9E0-2B46-413A-8411-80376B3A0B49}.Debug|Any CPU.ActiveCfg = Debug|Any CPU
		{BBABA9E0-2B46-413A-8411-80376B3A0B49}.Debug|Any CPU.Build.0 = Debug|Any CPU
		{BBABA9E0-2B46-413A-8411-80376B3A0B49}.Release|Any CPU.ActiveCfg = Release|Any CPU
		{BBABA9E0-2B46-413A-8411-80376B3A0B49}.Release|Any CPU.Build.0 = Release|Any CPU
	EndGlobalSection
	GlobalSection(SolutionProperties) = preSolution
		HideSolutionNode = FALSE
	EndGlobalSection
	GlobalSection(ExtensibilityGlobals) = postSolution
		SolutionGuid = {B5DFBCC8-A69F-4445-B690-C77AFD2DF249}
	EndGlobalSection
EndGlobal
